
Microsoft Visual Studio Solution File, Format Version 10.00
# Visual C++ Express 2008
Project("{8BC9CEB8-8B4A-11D0-8D11-00A0C91BC942}") = "W32Console", "W32Console\W32Console.vcproj", "{F4BE40B1-4B1E-4DDE-ACD8-444371AFCFEB}"
EndProject
Global
	GlobalSection(SolutionConfigurationPlatforms) = preSolution
		Debug|Win32 = Debug|Win32
		Release|Win32 = Release|Win32
	EndGlobalSection
	GlobalSection(ProjectConfigurationPlatforms) = postSolution
		{F4BE40B1-4B1E-4DDE-ACD8-444371AFCFEB}.Debug|Win32.ActiveCfg = Debug|Win32
		{F4BE40B1-4B1E-4DDE-ACD8-444371AFCFEB}.Debug|Win32.Build.0 = Debug|Win32
		{F4BE40B1-4B1E-4DDE-ACD8-444371AFCFEB}.Release|Win32.ActiveCfg = Release|Win32
		{F4BE40B1-4B1E-4DDE-ACD8-444371AFCFEB}.Release|Win32.Build.0 = Release|Win32
	EndGlobalSection
	GlobalSection(SolutionProperties) = preSolution
		HideSolutionNode = FALSE
	EndGlobalSection
EndGlobal
